
Microsoft Visual Studio Solution File, Format Version 12.00
# Visual Studio 15
VisualStudioVersion = 15.0.27130.2036
MinimumVisualStudioVersion = 10.0.40219.1
Project("{FAE04EC0-301F-11D3-BF4B-00C04F79EFBC}") = "AirportChallenge", "AirportChallenge\AirportChallenge.csproj", "{3A9E0D4D-39E9-40A1-81A6-3E552CA31674}"
EndProject
Project("{FAE04EC0-301F-11D3-BF4B-00C04F79EFBC}") = "AirportChallengeTest", "AirportChallengeTest\AirportChallengeTest.csproj", "{37991409-07BE-4244-B253-AFC873651349}"
EndProject
Project("{FAE04EC0-301F-11D3-BF4B-00C04F79EFBC}") = "AirportChallengeLib", "ClassLibrary1\AirportChallengeLib.csproj", "{538E79C8-12F5-40B9-A9D8-1E5BDB082629}"
EndProject
Project("{2150E333-8FDC-42A3-9474-1A3956D46DE8}") = "Solution Items", "Solution Items", "{84AB7F40-F8AA-47D2-A7E5-C556AD9B5995}"
	ProjectSection(SolutionItems) = preProject
		.gitignore = .gitignore
		README.md = README.md
	EndProjectSection
EndProject
Global
	GlobalSection(SolutionConfigurationPlatforms) = preSolution
		Debug|Any CPU = Debug|Any CPU
		Release|Any CPU = Release|Any CPU
	EndGlobalSection
	GlobalSection(ProjectConfigurationPlatforms) = postSolution
		{3A9E0D4D-39E9-40A1-81A6-3E552CA31674}.Debug|Any CPU.ActiveCfg = Debug|Any CPU
		{3A9E0D4D-39E9-40A1-81A6-3E552CA31674}.Debug|Any CPU.Build.0 = Debug|Any CPU
		{3A9E0D4D-39E9-40A1-81A6-3E552CA31674}.Release|Any CPU.ActiveCfg = Release|Any CPU
		{3A9E0D4D-39E9-40A1-81A6-3E552CA31674}.Release|Any CPU.Build.0 = Release|Any CPU
		{37991409-07BE-4244-B253-AFC873651349}.Debug|Any CPU.ActiveCfg = Debug|Any CPU
		{37991409-07BE-4244-B253-AFC873651349}.Debug|Any CPU.Build.0 = Debug|Any CPU
		{37991409-07BE-4244-B253-AFC873651349}.Release|Any CPU.ActiveCfg = Release|Any CPU
		{37991409-07BE-4244-B253-AFC873651349}.Release|Any CPU.Build.0 = Release|Any CPU
		{538E79C8-12F5-40B9-A9D8-1E5BDB082629}.Debug|Any CPU.ActiveCfg = Debug|Any CPU
		{538E79C8-12F5-40B9-A9D8-1E5BDB082629}.Debug|Any CPU.Build.0 = Debug|Any CPU
		{538E79C8-12F5-40B9-A9D8-1E5BDB082629}.Release|Any CPU.ActiveCfg = Release|Any CPU
		{538E79C8-12F5-40B9-A9D8-1E5BDB082629}.Release|Any CPU.Build.0 = Release|Any CPU
	EndGlobalSection
	GlobalSection(SolutionProperties) = preSolution
		HideSolutionNode = FALSE
	EndGlobalSection
	GlobalSection(ExtensibilityGlobals) = postSolution
		SolutionGuid = {917507C4-F523-4729-9C61-CAB6B46D85DF}
	EndGlobalSection
EndGlobal
